
Microsoft Visual Studio Solution File, Format Version 12.00
# Visual Studio Version 16
VisualStudioVersion = 16.0.30204.135
MinimumVisualStudioVersion = 10.0.40219.1
Project("{9A19103F-16F7-4668-BE54-9A1E7A4F7556}") = "EmployeesAndDepartments.WEBUI", "EmployeesAndDepartments.WEBUI\EmployeesAndDepartments.WEBUI.csproj", "{8CA59AAE-5492-49FB-94DF-F776E94926F1}"
EndProject
Project("{FAE04EC0-301F-11D3-BF4B-00C04F79EFBC}") = "EmployeesAndDepartments.BL", "EmployeesAndDepartments.BL\EmployeesAndDepartments.BL.csproj", "{4B678AF7-7513-4128-A7D6-77B37EAE8BAF}"
EndProject
Global
	GlobalSection(SolutionConfigurationPlatforms) = preSolution
		Debug|Any CPU = Debug|Any CPU
		Release|Any CPU = Release|Any CPU
	EndGlobalSection
	GlobalSection(ProjectConfigurationPlatforms) = postSolution
		{8CA59AAE-5492-49FB-94DF-F776E94926F1}.Debug|Any CPU.ActiveCfg = Debug|Any CPU
		{8CA59AAE-5492-49FB-94DF-F776E94926F1}.Debug|Any CPU.Build.0 = Debug|Any CPU
		{8CA59AAE-5492-49FB-94DF-F776E94926F1}.Release|Any CPU.ActiveCfg = Release|Any CPU
		{8CA59AAE-5492-49FB-94DF-F776E94926F1}.Release|Any CPU.Build.0 = Release|Any CPU
		{4B678AF7-7513-4128-A7D6-77B37EAE8BAF}.Debug|Any CPU.ActiveCfg = Debug|Any CPU
		{4B678AF7-7513-4128-A7D6-77B37EAE8BAF}.Debug|Any CPU.Build.0 = Debug|Any CPU
		{4B678AF7-7513-4128-A7D6-77B37EAE8BAF}.Release|Any CPU.ActiveCfg = Release|Any CPU
		{4B678AF7-7513-4128-A7D6-77B37EAE8BAF}.Release|Any CPU.Build.0 = Release|Any CPU
	EndGlobalSection
	GlobalSection(SolutionProperties) = preSolution
		HideSolutionNode = FALSE
	EndGlobalSection
	GlobalSection(ExtensibilityGlobals) = postSolution
		SolutionGuid = {CB22BB94-7B8E-4C8D-9626-F4479AA95285}
	EndGlobalSection
EndGlobal
